
Microsoft Visual Studio Solution File, Format Version 12.00
# Visual Studio Version 17
VisualStudioVersion = 17.8.34322.80
MinimumVisualStudioVersion = 10.0.40219.1
Project("{FAE04EC0-301F-11D3-BF4B-00C04F79EFBC}") = "DemoWebAPI", "DemoWebAPI.csproj", "{32241B98-A322-4299-9A8D-BF0AB75595A2}"
EndProject
Global
	GlobalSection(SolutionConfigurationPlatforms) = preSolution
		Debug|Any CPU = Debug|Any CPU
		Release|Any CPU = Release|Any CPU
	EndGlobalSection
	GlobalSection(ProjectConfigurationPlatforms) = postSolution
		{32241B98-A322-4299-9A8D-BF0AB75595A2}.Debug|Any CPU.ActiveCfg = Debug|Any CPU
		{32241B98-A322-4299-9A8D-BF0AB75595A2}.Debug|Any CPU.Build.0 = Debug|Any CPU
		{32241B98-A322-4299-9A8D-BF0AB75595A2}.Release|Any CPU.ActiveCfg = Release|Any CPU
		{32241B98-A322-4299-9A8D-BF0AB75595A2}.Release|Any CPU.Build.0 = Release|Any CPU
	EndGlobalSection
	GlobalSection(SolutionProperties) = preSolution
		HideSolutionNode = FALSE
	EndGlobalSection
	GlobalSection(ExtensibilityGlobals) = postSolution
		SolutionGuid = {0EECFF74-BF16-41E5-8BD2-B88B50ED27D9}
	EndGlobalSection
EndGlobal
